
Microsoft Visual Studio Solution File, Format Version 12.00
# Visual Studio 14
VisualStudioVersion = 14.0.25420.1
MinimumVisualStudioVersion = 10.0.40219.1
Project("{8BC9CEB8-8B4A-11D0-8D11-00A0C91BC942}") = "cuda_tutorial", "cuda_tutorial\cuda_tutorial.vcxproj", "{5743F27C-2052-4F2F-A2B2-8DAB9A8986F4}"
EndProject
Project("{8BC9CEB8-8B4A-11D0-8D11-00A0C91BC942}") = "cuda_001", "cuda_001\cuda_001.vcxproj", "{2502A3AC-DD8E-4629-8E63-2226244B9A5C}"
EndProject
Project("{8BC9CEB8-8B4A-11D0-8D11-00A0C91BC942}") = "cuda_002", "cuda_002\cuda_002.vcxproj", "{A85F6B29-D21D-4C49-95E0-066D25853580}"
EndProject
Project("{8BC9CEB8-8B4A-11D0-8D11-00A0C91BC942}") = "cuda_003", "cuda_003\cuda_003.vcxproj", "{2F2CC954-0BB9-4B01-BE77-01F07FA1CA80}"
EndProject
Project("{8BC9CEB8-8B4A-11D0-8D11-00A0C91BC942}") = "cuda_004", "cuda_004\cuda_004.vcxproj", "{500D543E-F222-4423-BCE3-C2956ABD6FC5}"
EndProject
Project("{8BC9CEB8-8B4A-11D0-8D11-00A0C91BC942}") = "cuda_005", "cuda_005\cuda_005.vcxproj", "{A0D63CF6-2D60-4CCC-BF3B-3B185A01A3B9}"
EndProject
Project("{8BC9CEB8-8B4A-11D0-8D11-00A0C91BC942}") = "cuda_006", "cuda_006\cuda_006.vcxproj", "{824688E5-C0CF-4520-9A31-EA3491281310}"
EndProject
Project("{8BC9CEB8-8B4A-11D0-8D11-00A0C91BC942}") = "cuda_007", "cuda_007\cuda_007.vcxproj", "{52CEE36C-D11A-4360-9220-C51723F99672}"
EndProject
Project("{8BC9CEB8-8B4A-11D0-8D11-00A0C91BC942}") = "cuda_008", "cuda_008\cuda_008.vcxproj", "{12D19B4B-483A-404C-A59B-BD274713EFB5}"
EndProject
Project("{8BC9CEB8-8B4A-11D0-8D11-00A0C91BC942}") = "cuda_009", "cuda_009\cuda_009.vcxproj", "{3CDA52AA-DE60-4DBD-AB96-484E0926BB33}"
EndProject
Project("{8BC9CEB8-8B4A-11D0-8D11-00A0C91BC942}") = "cuda_010", "cuda_010\cuda_010.vcxproj", "{13CFCFDB-12FE-41CC-A95D-AE814B9A9F09}"
EndProject
Global
	GlobalSection(SolutionConfigurationPlatforms) = preSolution
		Debug|x64 = Debug|x64
		Debug|x86 = Debug|x86
		Release|x64 = Release|x64
		Release|x86 = Release|x86
	EndGlobalSection
	GlobalSection(ProjectConfigurationPlatforms) = postSolution
		{5743F27C-2052-4F2F-A2B2-8DAB9A8986F4}.Debug|x64.ActiveCfg = Debug|x64
		{5743F27C-2052-4F2F-A2B2-8DAB9A8986F4}.Debug|x64.Build.0 = Debug|x64
		{5743F27C-2052-4F2F-A2B2-8DAB9A8986F4}.Debug|x86.ActiveCfg = Debug|Win32
		{5743F27C-2052-4F2F-A2B2-8DAB9A8986F4}.Debug|x86.Build.0 = Debug|Win32
		{5743F27C-2052-4F2F-A2B2-8DAB9A8986F4}.Release|x64.ActiveCfg = Release|x64
		{5743F27C-2052-4F2F-A2B2-8DAB9A8986F4}.Release|x64.Build.0 = Release|x64
		{5743F27C-2052-4F2F-A2B2-8DAB9A8986F4}.Release|x86.ActiveCfg = Release|Win32
		{5743F27C-2052-4F2F-A2B2-8DAB9A8986F4}.Release|x86.Build.0 = Release|Win32
		{2502A3AC-DD8E-4629-8E63-2226244B9A5C}.Debug|x64.ActiveCfg = Debug|x64
		{2502A3AC-DD8E-4629-8E63-2226244B9A5C}.Debug|x64.Build.0 = Debug|x64
		{2502A3AC-DD8E-4629-8E63-2226244B9A5C}.Debug|x86.ActiveCfg = Debug|Win32
		{2502A3AC-DD8E-4629-8E63-2226244B9A5C}.Debug|x86.Build.0 = Debug|Win32
		{2502A3AC-DD8E-4629-8E63-2226244B9A5C}.Release|x64.ActiveCfg = Release|x64
		{2502A3AC-DD8E-4629-8E63-2226244B9A5C}.Release|x64.Build.0 = Release|x64
		{2502A3AC-DD8E-4629-8E63-2226244B9A5C}.Release|x86.ActiveCfg = Release|Win32
		{2502A3AC-DD8E-4629-8E63-2226244B9A5C}.Release|x86.Build.0 = Release|Win32
		{A85F6B29-D21D-4C49-95E0-066D25853580}.Debug|x64.ActiveCfg = Debug|x64
		{A85F6B29-D21D-4C49-95E0-066D25853580}.Debug|x64.Build.0 = Debug|x64
		{A85F6B29-D21D-4C49-95E0-066D25853580}.Debug|x86.ActiveCfg = Debug|Win32
		{A85F6B29-D21D-4C49-95E0-066D25853580}.Debug|x86.Build.0 = Debug|Win32
		{A85F6B29-D21D-4C49-95E0-066D25853580}.Release|x64.ActiveCfg = Release|x64
		{A85F6B29-D21D-4C49-95E0-066D25853580}.Release|x64.Build.0 = Release|x64
		{A85F6B29-D21D-4C49-95E0-066D25853580}.Release|x86.ActiveCfg = Release|Win32
		{A85F6B29-D21D-4C49-95E0-066D25853580}.Release|x86.Build.0 = Release|Win32
		{2F2CC954-0BB9-4B01-BE77-01F07FA1CA80}.Debug|x64.ActiveCfg = Debug|x64
		{2F2CC954-0BB9-4B01-BE77-01F07FA1CA80}.Debug|x64.Build.0 = Debug|x64
		{2F2CC954-0BB9-4B01-BE77-01F07FA1CA80}.Debug|x86.ActiveCfg = Debug|Win32
		{2F2CC954-0BB9-4B01-BE77-01F07FA1CA80}.Debug|x86.Build.0 = Debug|Win32
		{2F2CC954-0BB9-4B01-BE77-01F07FA1CA80}.Release|x64.ActiveCfg = Release|x64
		{2F2CC954-0BB9-4B01-BE77-01F07FA1CA80}.Release|x64.Build.0 = Release|x64
		{2F2CC954-0BB9-4B01-BE77-01F07FA1CA80}.Release|x86.ActiveCfg = Release|Win32
		{2F2CC954-0BB9-4B01-BE77-01F07FA1CA80}.Release|x86.Build.0 = Release|Win32
		{500D543E-F222-4423-BCE3-C2956ABD6FC5}.Debug|x64.ActiveCfg = Debug|x64
		{500D543E-F222-4423-BCE3-C2956ABD6FC5}.Debug|x64.Build.0 = Debug|x64
		{500D543E-F222-4423-BCE3-C2956ABD6FC5}.Debug|x86.ActiveCfg = Debug|Win32
		{500D543E-F222-4423-BCE3-C2956ABD6FC5}.Debug|x86.Build.0 = Debug|Win32
		{500D543E-F222-4423-BCE3-C2956ABD6FC5}.Release|x64.ActiveCfg = Release|x64
		{500D543E-F222-4423-BCE3-C2956ABD6FC5}.Release|x64.Build.0 = Release|x64
		{500D543E-F222-4423-BCE3-C2956ABD6FC5}.Release|x86.ActiveCfg = Release|Win32
		{500D543E-F222-4423-BCE3-C2956ABD6FC5}.Release|x86.Build.0 = Release|Win32
		{A0D63CF6-2D60-4CCC-BF3B-3B185A01A3B9}.Debug|x64.ActiveCfg = Debug|x64
		{A0D63CF6-2D60-4CCC-BF3B-3B185A01A3B9}.Debug|x64.Build.0 = Debug|x64
		{A0D63CF6-2D60-4CCC-BF3B-3B185A01A3B9}.Debug|x86.ActiveCfg = Debug|Win32
		{A0D63CF6-2D60-4CCC-BF3B-3B185A01A3B9}.Debug|x86.Build.0 = Debug|Win32
		{A0D63CF6-2D60-4CCC-BF3B-3B185A01A3B9}.Release|x64.ActiveCfg = Release|x64
		{A0D63CF6-2D60-4CCC-BF3B-3B185A01A3B9}.Release|x64.Build.0 = Release|x64
		{A0D63CF6-2D60-4CCC-BF3B-3B185A01A3B9}.Release|x86.ActiveCfg = Release|Win32
		{A0D63CF6-2D60-4CCC-BF3B-3B185A01A3B9}.Release|x86.Build.0 = Release|Win32
		{824688E5-C0CF-4520-9A31-EA3491281310}.Debug|x64.ActiveCfg = Debug|x64
		{824688E5-C0CF-4520-9A31-EA3491281310}.Debug|x64.Build.0 = Debug|x64
		{824688E5-C0CF-4520-9A31-EA3491281310}.Debug|x86.ActiveCfg = Debug|Win32
		{824688E5-C0CF-4520-9A31-EA3491281310}.Debug|x86.Build.0 = Debug|Win32
		{824688E5-C0CF-4520-9A31-EA3491281310}.Release|x64.ActiveCfg = Release|x64
		{824688E5-C0CF-4520-9A31-EA3491281310}.Release|x64.Build.0 = Release|x64
		{824688E5-C0CF-4520-9A31-EA3491281310}.Release|x86.ActiveCfg = Release|Win32
		{824688E5-C0CF-4520-9A31-EA3491281310}.Release|x86.Build.0 = Release|Win32
		{52CEE36C-D11A-4360-9220-C51723F99672}.Debug|x64.ActiveCfg = Debug|x64
		{52CEE36C-D11A-4360-9220-C51723F99672}.Debug|x64.Build.0 = Debug|x64
		{52CEE36C-D11A-4360-9220-C51723F99672}.Debug|x86.ActiveCfg = Debug|Win32
		{52CEE36C-D11A-4360-9220-C51723F99672}.Debug|x86.Build.0 = Debug|Win32
		{52CEE36C-D11A-4360-9220-C51723F99672}.Release|x64.ActiveCfg = Release|x64
		{52CEE36C-D11A-4360-9220-C51723F99672}.Release|x64.Build.0 = Release|x64
		{52CEE36C-D11A-4360-9220-C51723F99672}.Release|x86.ActiveCfg = Release|Win32
		{52CEE36C-D11A-4360-9220-C51723F99672}.Release|x86.Build.0 = Release|Win32
		{12D19B4B-483A-404C-A59B-BD274713EFB5}.Debug|x64.ActiveCfg = Debug|x64
		{12D19B4B-483A-404C-A59B-BD274713EFB5}.Debug|x64.Build.0 = Debug|x64
		{12D19B4B-483A-404C-A59B-BD274713EFB5}.Debug|x86.ActiveCfg = Debug|Win32
		{12D19B4B-483A-404C-A59B-BD274713EFB5}.Debug|x86.Build.0 = Debug|Win32
		{12D19B4B-483A-404C-A59B-BD274713EFB5}.Release|x64.ActiveCfg = Release|x64
		{12D19B4B-483A-404C-A59B-BD274713EFB5}.Release|x64.Build.0 = Release|x64
		{12D19B4B-483A-404C-A59B-BD274713EFB5}.Release|x86.ActiveCfg = Release|Win32
		{12D19B4B-483A-404C-A59B-BD274713EFB5}.Release|x86.Build.0 = Release|Win32
		{3CDA52AA-DE60-4DBD-AB96-484E0926BB33}.Debug|x64.ActiveCfg = Debug|x64
		{3CDA52AA-DE60-4DBD-AB96-484E0926BB33}.Debug|x64.Build.0 = Debug|x64
		{3CDA52AA-DE60-4DBD-AB96-484E0926BB33}.Debug|x86.ActiveCfg = Debug|Win32
		{3CDA52AA-DE60-4DBD-AB96-484E0926BB33}.Debug|x86.Build.0 = Debug|Win32
		{3CDA52AA-DE60-4DBD-AB96-484E0926BB33}.Release|x64.ActiveCfg = Release|x64
		{3CDA52AA-DE60-4DBD-AB96-484E0926BB33}.Release|x64.Build.0 = Release|x64
		{3CDA52AA-DE60-4DBD-AB96-484E0926BB33}.Release|x86.ActiveCfg = Release|Win32
		{3CDA52AA-DE60-4DBD-AB96-484E0926BB33}.Release|x86.Build.0 = Release|Win32
		{13CFCFDB-12FE-41CC-A95D-AE814B9A9F09}.Debug|x64.ActiveCfg = Debug|x64
		{13CFCFDB-12FE-41CC-A95D-AE814B9A9F09}.Debug|x64.Build.0 = Debug|x64
		{13CFCFDB-12FE-41CC-A95D-AE814B9A9F09}.Debug|x86.ActiveCfg = Debug|Win32
		{13CFCFDB-12FE-41CC-A95D-AE814B9A9F09}.Debug|x86.Build.0 = Debug|Win32
		{13CFCFDB-12FE-41CC-A95D-AE814B9A9F09}.Release|x64.ActiveCfg = Release|x64
		{13CFCFDB-12FE-41CC-A95D-AE814B9A9F09}.Release|x64.Build.0 = Release|x64
		{13CFCFDB-12FE-41CC-A95D-AE814B9A9F09}.Release|x86.ActiveCfg = Release|Win32
		{13CFCFDB-12FE-41CC-A95D-AE814B9A9F09}.Release|x86.Build.0 = Release|Win32
	EndGlobalSection
	GlobalSection(SolutionProperties) = preSolution
		HideSolutionNode = FALSE
	EndGlobalSection
EndGlobal
